// !$*UTF8*$!
{
	archiveVersion = 1;
	classes = {
	};
	objectVersion = 46;
	objects = {

/* Begin PBXBuildFile section */
		82F4AA121A431889001639EA /* main.m in Sources */ = {isa = PBXBuildFile; fileRef = 82F4AA111A431889001639EA /* main.m */; };
		82F4AA151A431889001639EA /* AppDelegate.m in Sources */ = {isa = PBXBuildFile; fileRef = 82F4AA141A431889001639EA /* AppDelegate.m */; };
		82F4AA181A431889001639EA /* ViewController.m in Sources */ = {isa = PBXBuildFile; fileRef = 82F4AA171A431889001639EA /* ViewController.m */; };
		82F4AA1B1A431889001639EA /* Main.storyboard in Resources */ = {isa = PBXBuildFile; fileRef = 82F4AA191A431889001639EA /* Main.storyboard */; };
		82F4AA1D1A431889001639EA /* Images.xcassets in Resources */ = {isa = PBXBuildFile; fileRef = 82F4AA1C1A431889001639EA /* Images.xcassets */; };
		82F4AA201A431889001639EA /* LaunchScreen.xib in Resources */ = {isa = PBXBuildFile; fileRef = 82F4AA1E1A431889001639EA /* LaunchScreen.xib */; };
		82F4AA2C1A431889001639EA /* AvPlayerDemoTests.m in Sources */ = {isa = PBXBuildFile; fileRef = 82F4AA2B1A431889001639EA /* AvPlayerDemoTests.m */; };
		82F4AA371A431F5D001639EA /* xhMediaViewController.m in Sources */ = {isa = PBXBuildFile; fileRef = 82F4AA361A431F5D001639EA /* xhMediaViewController.m */; };
		82F4AA391A432398001639EA /* AVFoundation.framework in Frameworks */ = {isa = PBXBuildFile; fileRef = 82F4AA381A432398001639EA /* AVFoundation.framework */; };
		82F4AA3B1A4323AD001639EA /* UIKit.framework in Frameworks */ = {isa = PBXBuildFile; fileRef = 82F4AA3A1A4323AD001639EA /* UIKit.framework */; };
		82F4AA401A4336E1001639EA /* neoscape_bug.mov in Resources */ = {isa = PBXBuildFile; fileRef = 82F4AA3F1A4336E1001639EA /* neoscape_bug.mov */; };
/* End PBXBuildFile section */

/* Begin PBXContainerItemProxy section */
		82F4AA261A431889001639EA /* PBXContainerItemProxy */ = {
			isa = PBXContainerItemProxy;
			containerPortal = 82F4AA041A431888001639EA /* Project object */;
			proxyType = 1;
			remoteGlobalIDString = 82F4AA0B1A431889001639EA;
			remoteInfo = AvPlayerDemo;
		};
/* End PBXContainerItemProxy section */

/* Begin PBXFileReference section */
		82F4AA0C1A431889001639EA /* AvPlayerDemo.app */ = {isa = PBXFileReference; explicitFileType = wrapper.application; includeInIndex = 0; path = AvPlayerDemo.app; sourceTree = BUILT_PRODUCTS_DIR; };
		82F4AA101A431889001639EA /* Info.plist */ = {isa = PBXFileReference; lastKnownFileType = text.plist.xml; path = Info.plist; sourceTree = "<group>"; };
		82F4AA111A431889001639EA /* main.m */ = {isa = PBXFileReference; lastKnownFileType = sourcecode.c.objc; path = main.m; sourceTree = "<group>"; };
		82F4AA131A431889001639EA /* AppDelegate.h */ = {isa = PBXFileReference; lastKnownFileType = sourcecode.c.h; path = AppDelegate.h; sourceTree = "<group>"; };
		82F4AA141A431889001639EA /* AppDelegate.m */ = {isa = PBXFileReference; lastKnownFileType = sourcecode.c.objc; path = AppDelegate.m; sourceTree = "<group>"; };
		82F4AA161A431889001639EA /* ViewController.h */ = {isa = PBXFileReference; lastKnownFileType = sourcecode.c.h; path = ViewController.h; sourceTree = "<group>"; };
		82F4AA171A431889001639EA /* ViewController.m */ = {isa = PBXFileReference; lastKnownFileType = sourcecode.c.objc; path = ViewController.m; sourceTree = "<group>"; };
		82F4AA1A1A431889001639EA /* Base */ = {isa = PBXFileReference; lastKnownFileType = file.storyboard; name = Base; path = Base.lproj/Main.storyboard; sourceTree = "<group>"; };
		82F4AA1C1A431889001639EA /* Images.xcassets */ = {isa = PBXFileReference; lastKnownFileType = folder.assetcatalog; path = Images.xcassets; sourceTree = "<group>"; };
		82F4AA1F1A431889001639EA /* Base */ = {isa = PBXFileReference; lastKnownFileType = file.xib; name = Base; path = Base.lproj/LaunchScreen.xib; sourceTree = "<group>"; };
		82F4AA251A431889001639EA /* AvPlayerDemoTests.xctest */ = {isa = PBXFileReference; explicitFileType = wrapper.cfbundle; includeInIndex = 0; path = AvPlayerDemoTests.xctest; sourceTree = BUILT_PRODUCTS_DIR; };
		82F4AA2A1A431889001639EA /* Info.plist */ = {isa = PBXFileReference; lastKnownFileType = text.plist.xml; path = Info.plist; sourceTree = "<group>"; };
		82F4AA2B1A431889001639EA /* AvPlayerDemoTests.m */ = {isa = PBXFileReference; lastKnownFileType = sourcecode.c.objc; path = AvPlayerDemoTests.m; sourceTree = "<group>"; };
		82F4AA351A431F5D001639EA /* xhMediaViewController.h */ = {isa = PBXFileReference; fileEncoding = 4; lastKnownFileType = sourcecode.c.h; path = xhMediaViewController.h; sourceTree = "<group>"; };
		82F4AA361A431F5D001639EA /* xhMediaViewController.m */ = {isa = PBXFileReference; fileEncoding = 4; lastKnownFileType = sourcecode.c.objc; path = xhMediaViewController.m; sourceTree = "<group>"; };
		82F4AA381A432398001639EA /* AVFoundation.framework */ = {isa = PBXFileReference; lastKnownFileType = wrapper.framework; name = AVFoundation.framework; path = System/Library/Frameworks/AVFoundation.framework; sourceTree = SDKROOT; };
		82F4AA3A1A4323AD001639EA /* UIKit.framework */ = {isa = PBXFileReference; lastKnownFileType = wrapper.framework; name = UIKit.framework; path = System/Library/Frameworks/UIKit.framework; sourceTree = SDKROOT; };
		82F4AA3F1A4336E1001639EA /* neoscape_bug.mov */ = {isa = PBXFileReference; lastKnownFileType = video.quicktime; path = neoscape_bug.mov; sourceTree = "<group>"; };
/* End PBXFileReference section */

/* Begin PBXFrameworksBuildPhase section */
		82F4AA091A431889001639EA /* Frameworks */ = {
			isa = PBXFrameworksBuildPhase;
			buildActionMask = 2147483647;
			files = (
				82F4AA3B1A4323AD001639EA /* UIKit.framework in Frameworks */,
				82F4AA391A432398001639EA /* AVFoundation.framework in Frameworks */,
			);
			runOnlyForDeploymentPostprocessing = 0;
		};
		82F4AA221A431889001639EA /* Frameworks */ = {
			isa = PBXFrameworksBuildPhase;
			buildActionMask = 2147483647;
			files = (
			);
			runOnlyForDeploymentPostprocessing = 0;
		};
/* End PBXFrameworksBuildPhase section */

/* Begin PBXGroup section */
		82F4AA031A431888001639EA = {
			isa = PBXGroup;
			children = (
				82F4AA0E1A431889001639EA /* AvPlayerDemo */,
				82F4AA281A431889001639EA /* AvPlayerDemoTests */,
				82F4AA0D1A431889001639EA /* Products */,
			);
			sourceTree = "<group>";
		};
		82F4AA0D1A431889001639EA /* Products */ = {
			isa = PBXGroup;
			children = (
				82F4AA0C1A431889001639EA /* AvPlayerDemo.app */,
				82F4AA251A431889001639EA /* AvPlayerDemoTests.xctest */,
			);
			name = Products;
			sourceTree = "<group>";
		};
		82F4AA0E1A431889001639EA /* AvPlayerDemo */ = {
			isa = PBXGroup;
			children = (
				82F4AA131A431889001639EA /* AppDelegate.h */,
				82F4AA141A431889001639EA /* AppDelegate.m */,
				82F4AA161A431889001639EA /* ViewController.h */,
				82F4AA171A431889001639EA /* ViewController.m */,
				82F4AA351A431F5D001639EA /* xhMediaViewController.h */,
				82F4AA361A431F5D001639EA /* xhMediaViewController.m */,
				82F4AA3F1A4336E1001639EA /* neoscape_bug.mov */,
				82F4AA191A431889001639EA /* Main.storyboard */,
				82F4AA1C1A431889001639EA /* Images.xcassets */,
				82F4AA1E1A431889001639EA /* LaunchScreen.xib */,
				82F4AA0F1A431889001639EA /* Supporting Files */,
			);
			path = AvPlayerDemo;
			sourceTree = "<group>";
		};
		82F4AA0F1A431889001639EA /* Supporting Files */ = {
			isa = PBXGroup;
			children = (
				82F4AA101A431889001639EA /* Info.plist */,
				82F4AA111A431889001639EA /* main.m */,
				82F4AA3C1A4323CF001639EA /* Frames */,
			);
			name = "Supporting Files";
			sourceTree = "<group>";
		};
		82F4AA281A431889001639EA /* AvPlayerDemoTests */ = {
			isa = PBXGroup;
			children = (
				82F4AA2B1A431889001639EA /* AvPlayerDemoTests.m */,
				82F4AA291A431889001639EA /* Supporting Files */,
			);
			path = AvPlayerDemoTests;
			sourceTree = "<group>";
		};
		82F4AA291A431889001639EA /* Supporting Files */ = {
			isa = PBXGroup;
			children = (
				82F4AA2A1A431889001639EA /* Info.plist */,
			);
			name = "Supporting Files";
			sourceTree = "<group>";
		};
		82F4AA3C1A4323CF001639EA /* Frames */ = {
			isa = PBXGroup;
			children = (
				82F4AA3A1A4323AD001639EA /* UIKit.framework */,
				82F4AA381A432398001639EA /* AVFoundation.framework */,
			);
			name = Frames;
			sourceTree = "<group>";
		};
/* End PBXGroup section */

/* Begin PBXNativeTarget section */
		82F4AA0B1A431889001639EA /* AvPlayerDemo */ = {
			isa = PBXNativeTarget;
			buildConfigurationList = 82F4AA2F1A431889001639EA /* Build configuration list for PBXNativeTarget "AvPlayerDemo" */;
			buildPhases = (
				82F4AA081A431889001639EA /* Sources */,
				82F4AA091A431889001639EA /* Frameworks */,
				82F4AA0A1A431889001639EA /* Resources */,
			);
			buildRules = (
			);
			dependencies = (
			);
			name = AvPlayerDemo;
			productName = AvPlayerDemo;
			productReference = 82F4AA0C1A431889001639EA /* AvPlayerDemo.app */;
			productType = "com.apple.product-type.application";
		};
		82F4AA241A431889001639EA /* AvPlayerDemoTests */ = {
			isa = PBXNativeTarget;
			buildConfigurationList = 82F4AA321A431889001639EA /* Build configuration list for PBXNativeTarget "AvPlayerDemoTests" */;
			buildPhases = (
				82F4AA211A431889001639EA /* Sources */,
				82F4AA221A431889001639EA /* Frameworks */,
				82F4AA231A431889001639EA /* Resources */,
			);
			buildRules = (
			);
			dependencies = (
				82F4AA271A431889001639EA /* PBXTargetDependency */,
			);
			name = AvPlayerDemoTests;
			productName = AvPlayerDemoTests;
			productReference = 82F4AA251A431889001639EA /* AvPlayerDemoTests.xctest */;
			productType = "com.apple.product-type.bundle.unit-test";
		};
/* End PBXNativeTarget section */

/* Begin PBXProject section */
		82F4AA041A431888001639EA /* Project object */ = {
			isa = PBXProject;
			attributes = {
				LastUpgradeCheck = 0610;
				ORGANIZATIONNAME = Neoscape;
				TargetAttributes = {
					82F4AA0B1A431889001639EA = {
						CreatedOnToolsVersion = 6.1.1;
					};
					82F4AA241A431889001639EA = {
						CreatedOnToolsVersion = 6.1.1;
						TestTargetID = 82F4AA0B1A431889001639EA;
					};
				};
			};
			buildConfigurationList = 82F4AA071A431888001639EA /* Build configuration list for PBXProject "AvPlayerDemo" */;
			compatibilityVersion = "Xcode 3.2";
			developmentRegion = English;
			hasScannedForEncodings = 0;
			knownRegions = (
				en,
				Base,
			);
			mainGroup = 82F4AA031A431888001639EA;
			productRefGroup = 82F4AA0D1A431889001639EA /* Products */;
			projectDirPath = "";
			projectRoot = "";
			targets = (
				82F4AA0B1A431889001639EA /* AvPlayerDemo */,
				82F4AA241A431889001639EA /* AvPlayerDemoTests */,
			);
		};
/* End PBXProject section */

/* Begin PBXResourcesBuildPhase section */
		82F4AA0A1A431889001639EA /* Resources */ = {
			isa = PBXResourcesBuildPhase;
			buildActionMask = 2147483647;
			files = (
				82F4AA1B1A431889001639EA /* Main.storyboard in Resources */,
				82F4AA401A4336E1001639EA /* neoscape_bug.mov in Resources */,
				82F4AA201A431889001639EA /* LaunchScreen.xib in Resources */,
				82F4AA1D1A431889001639EA /* Images.xcassets in Resources */,
			);
			runOnlyForDeploymentPostprocessing = 0;
		};
		82F4AA231A431889001639EA /* Resources */ = {
			isa = PBXResourcesBuildPhase;
			buildActionMask = 2147483647;
			files = (
			);
			runOnlyForDeploymentPostprocessing = 0;
		};
/* End PBXResourcesBuildPhase section */

/* Begin PBXSourcesBuildPhase section */
		82F4AA081A431889001639EA /* Sources */ = {
			isa = PBXSourcesBuildPhase;
			buildActionMask = 2147483647;
			files = (
				82F4AA181A431889001639EA /* ViewController.m in Sources */,
				82F4AA371A431F5D001639EA /* xhMediaViewController.m in Sources */,
				82F4AA151A431889001639EA /* AppDelegate.m in Sources */,
				82F4AA121A431889001639EA /* main.m in Sources */,
			);
			runOnlyForDeploymentPostprocessing = 0;
		};
		82F4AA211A431889001639EA /* Sources */ = {
			isa = PBXSourcesBuildPhase;
			buildActionMask = 2147483647;
			files = (
				82F4AA2C1A431889001639EA /* AvPlayerDemoTests.m in Sources */,
			);
			runOnlyForDeploymentPostprocessing = 0;
		};
/* End PBXSourcesBuildPhase section */

/* Begin PBXTargetDependency section */
		82F4AA271A431889001639EA /* PBXTargetDependency */ = {
			isa = PBXTargetDependency;
			target = 82F4AA0B1A431889001639EA /* AvPlayerDemo */;
			targetProxy = 82F4AA261A431889001639EA /* PBXContainerItemProxy */;
		};
/* End PBXTargetDependency section */

/* Begin PBXVariantGroup section */
		82F4AA191A431889001639EA /* Main.storyboard */ = {
			isa = PBXVariantGroup;
			children = (
				82F4AA1A1A431889001639EA /* Base */,
			);
			name = Main.storyboard;
			sourceTree = "<group>";
		};
		82F4AA1E1A431889001639EA /* LaunchScreen.xib */ = {
			isa = PBXVariantGroup;
			children = (
				82F4AA1F1A431889001639EA /* Base */,
			);
			name = LaunchScreen.xib;
			sourceTree = "<group>";
		};
/* End PBXVariantGroup section */

/* Begin XCBuildConfiguration section */
		82F4AA2D1A431889001639EA /* Debug */ = {
			isa = XCBuildConfiguration;
			buildSettings = {
				ALWAYS_SEARCH_USER_PATHS = NO;
				CLANG_CXX_LANGUAGE_STANDARD = "gnu++0x";
				CLANG_CXX_LIBRARY = "libc++";
				CLANG_ENABLE_MODULES = YES;
				CLANG_ENABLE_OBJC_ARC = YES;
				CLANG_WARN_BOOL_CONVERSION = YES;
				CLANG_WARN_CONSTANT_CONVERSION = YES;
				CLANG_WARN_DIRECT_OBJC_ISA_USAGE = YES_ERROR;
				CLANG_WARN_EMPTY_BODY = YES;
				CLANG_WARN_ENUM_CONVERSION = YES;
				CLANG_WARN_INT_CONVERSION = YES;
				CLANG_WARN_OBJC_ROOT_CLASS = YES_ERROR;
				CLANG_WARN_UNREACHABLE_CODE = YES;
				CLANG_WARN__DUPLICATE_METHOD_MATCH = YES;
				"CODE_SIGN_IDENTITY[sdk=iphoneos*]" = "iPhone Developer";
				COPY_PHASE_STRIP = NO;
				ENABLE_STRICT_OBJC_MSGSEND = YES;
				GCC_C_LANGUAGE_STANDARD = gnu99;
				GCC_DYNAMIC_NO_PIC = NO;
				GCC_OPTIMIZATION_LEVEL = 0;
				GCC_PREPROCESSOR_DEFINITIONS = (
					"DEBUG=1",
					"$(inherited)",
				);
				GCC_SYMBOLS_PRIVATE_EXTERN = NO;
				GCC_WARN_64_TO_32_BIT_CONVERSION = YES;
				GCC_WARN_ABOUT_RETURN_TYPE = YES_ERROR;
				GCC_WARN_UNDECLARED_SELECTOR = YES;
				GCC_WARN_UNINITIALIZED_AUTOS = YES_AGGRESSIVE;
				GCC_WARN_UNUSED_FUNCTION = YES;
				GCC_WARN_UNUSED_VARIABLE = YES;
				IPHONEOS_DEPLOYMENT_TARGET = 8.1;
				MTL_ENABLE_DEBUG_INFO = YES;
				ONLY_ACTIVE_ARCH = YES;
				SDKROOT = iphoneos;
				TARGETED_DEVICE_FAMILY = 2;
			};
			name = Debug;
		};
		82F4AA2E1A431889001639EA /* Release */ = {
			isa = XCBuildConfiguration;
			buildSettings = {
				ALWAYS_SEARCH_USER_PATHS = NO;
				CLANG_CXX_LANGUAGE_STANDARD = "gnu++0x";
				CLANG_CXX_LIBRARY = "libc++";
				CLANG_ENABLE_MODULES = YES;
				CLANG_ENABLE_OBJC_ARC = YES;
				CLANG_WARN_BOOL_CONVERSION = YES;
				CLANG_WARN_CONSTANT_CONVERSION = YES;
				CLANG_WARN_DIRECT_OBJC_ISA_USAGE = YES_ERROR;
				CLANG_WARN_EMPTY_BODY = YES;
				CLANG_WARN_ENUM_CONVERSION = YES;
				CLANG_WARN_INT_CONVERSION = YES;
				CLANG_WARN_OBJC_ROOT_CLASS = YES_ERROR;
				CLANG_WARN_UNREACHABLE_CODE = YES;
				CLANG_WARN__DUPLICATE_METHOD_MATCH = YES;
				"CODE_SIGN_IDENTITY[sdk=iphoneos*]" = "iPhone Developer";
				COPY_PHASE_STRIP = YES;
				ENABLE_NS_ASSERTIONS = NO;
				ENABLE_STRICT_OBJC_MSGSEND = YES;
				GCC_C_LANGUAGE_STANDARD = gnu99;
				GCC_WARN_64_TO_32_BIT_CONVERSION = YES;
				GCC_WARN_ABOUT_RETURN_TYPE = YES_ERROR;
				GCC_WARN_UNDECLARED_SELECTOR = YES;
				GCC_WARN_UNINITIALIZED_AUTOS = YES_AGGRESSIVE;
				GCC_WARN_UNUSED_FUNCTION = YES;
				GCC_WARN_UNUSED_VARIABLE = YES;
				IPHONEOS_DEPLOYMENT_TARGET = 8.1;
				MTL_ENABLE_DEBUG_INFO = NO;
				SDKROOT = iphoneos;
				TARGETED_DEVICE_FAMILY = 2;
				VALIDATE_PRODUCT = YES;
			};
			name = Release;
		};
		82F4AA301A431889001639EA /* Debug */ = {
			isa = XCBuildConfiguration;
			buildSettings = {
				ASSETCATALOG_COMPILER_APPICON_NAME = AppIcon;
				INFOPLIST_FILE = AvPlayerDemo/Info.plist;
				IPHONEOS_DEPLOYMENT_TARGET = 7.0;
				LD_RUNPATH_SEARCH_PATHS = "$(inherited) @executable_path/Frameworks";
				PRODUCT_NAME = "$(TARGET_NAME)";
			};
			name = Debug;
		};
		82F4AA311A431889001639EA /* Release */ = {
			isa = XCBuildConfiguration;
			buildSettings = {
				ASSETCATALOG_COMPILER_APPICON_NAME = AppIcon;
				INFOPLIST_FILE = AvPlayerDemo/Info.plist;
				IPHONEOS_DEPLOYMENT_TARGET = 7.0;
				LD_RUNPATH_SEARCH_PATHS = "$(inherited) @executable_path/Frameworks";
				PRODUCT_NAME = "$(TARGET_NAME)";
			};
			name = Release;
		};
		82F4AA331A431889001639EA /* Debug */ = {
			isa = XCBuildConfiguration;
			buildSettings = {
				BUNDLE_LOADER = "$(TEST_HOST)";
				FRAMEWORK_SEARCH_PATHS = (
					"$(SDKROOT)/Developer/Library/Frameworks",
					"$(inherited)",
				);
				GCC_PREPROCESSOR_DEFINITIONS = (
					"DEBUG=1",
					"$(inherited)",
				);
				INFOPLIST_FILE = AvPlayerDemoTests/Info.plist;
				LD_RUNPATH_SEARCH_PATHS = "$(inherited) @executable_path/Frameworks @loader_path/Frameworks";
				PRODUCT_NAME = "$(TARGET_NAME)";
				TEST_HOST = "$(BUILT_PRODUCTS_DIR)/AvPlayerDemo.app/AvPlayerDemo";
			};
			name = Debug;
		};
		82F4AA341A431889001639EA /* Release */ = {
			isa = XCBuildConfiguration;
			buildSettings = {
				BUNDLE_LOADER = "$(TEST_HOST)";
				FRAMEWORK_SEARCH_PATHS = (
					"$(SDKROOT)/Developer/Library/Frameworks",
					"$(inherited)",
				);
				INFOPLIST_FILE = AvPlayerDemoTests/Info.plist;
				LD_RUNPATH_SEARCH_PATHS = "$(inherited) @executable_path/Frameworks @loader_path/Frameworks";
				PRODUCT_NAME = "$(TARGET_NAME)";
				TEST_HOST = "$(BUILT_PRODUCTS_DIR)/AvPlayerDemo.app/AvPlayerDemo";
			};
			name = Release;
		};
/* End XCBuildConfiguration section */

/* Begin XCConfigurationList section */
		82F4AA071A431888001639EA /* Build configuration list for PBXProject "AvPlayerDemo" */ = {
			isa = XCConfigurationList;
			buildConfigurations = (
				82F4AA2D1A431889001639EA /* Debug */,
				82F4AA2E1A431889001639EA /* Release */,
			);
			defaultConfigurationIsVisible = 0;
			defaultConfigurationName = Release;
		};
		82F4AA2F1A431889001639EA /* Build configuration list for PBXNativeTarget "AvPlayerDemo" */ = {
			isa = XCConfigurationList;
			buildConfigurations = (
				82F4AA301A431889001639EA /* Debug */,
				82F4AA311A431889001639EA /* Release */,
			);
			defaultConfigurationIsVisible = 0;
		};
		82F4AA321A431889001639EA /* Build configuration list for PBXNativeTarget "AvPlayerDemoTests" */ = {
			isa = XCConfigurationList;
			buildConfigurations = (
				82F4AA331A431889001639EA /* Debug */,
				82F4AA341A431889001639EA /* Release */,
			);
			defaultConfigurationIsVisible = 0;
		};
/* End XCConfigurationList section */
	};
	rootObject = 82F4AA041A431888001639EA /* Project object */;
}
